// !$*UTF8*$!
{
	archiveVersion = 1;
	classes = {
	};
	objectVersion = 50;
	objects = {

/* Begin PBXBuildFile section */
		D5247BF623141A27007AA203 /* AppDelegate.m in Sources */ = {isa = PBXBuildFile; fileRef = D5247BF523141A27007AA203 /* AppDelegate.m */; };
		D5247BF923141A27007AA203 /* ViewController.m in Sources */ = {isa = PBXBuildFile; fileRef = D5247BF823141A27007AA203 /* ViewController.m */; };
		D5247BFC23141A27007AA203 /* Main.storyboard in Resources */ = {isa = PBXBuildFile; fileRef = D5247BFA23141A27007AA203 /* Main.storyboard */; };
		D5247BFF23141A27007AA203 /* _____.xcdatamodeld in Sources */ = {isa = PBXBuildFile; fileRef = D5247BFD23141A27007AA203 /* _____.xcdatamodeld */; };
		D5247C0123141A29007AA203 /* Assets.xcassets in Resources */ = {isa = PBXBuildFile; fileRef = D5247C0023141A29007AA203 /* Assets.xcassets */; };
		D5247C0423141A29007AA203 /* LaunchScreen.storyboard in Resources */ = {isa = PBXBuildFile; fileRef = D5247C0223141A29007AA203 /* LaunchScreen.storyboard */; };
		D5247C0723141A29007AA203 /* main.m in Sources */ = {isa = PBXBuildFile; fileRef = D5247C0623141A29007AA203 /* main.m */; };
		D526906B2315363B008AAD68 /* NSData+base64.m in Sources */ = {isa = PBXBuildFile; fileRef = D526906A2315363B008AAD68 /* NSData+base64.m */; };
/* End PBXBuildFile section */

/* Begin PBXFileReference section */
		D5247BF123141A27007AA203 /* 保存到相册.app */ = {isa = PBXFileReference; explicitFileType = wrapper.application; includeInIndex = 0; path = "保存到相册.app"; sourceTree = BUILT_PRODUCTS_DIR; };
		D5247BF423141A27007AA203 /* AppDelegate.h */ = {isa = PBXFileReference; lastKnownFileType = sourcecode.c.h; path = AppDelegate.h; sourceTree = "<group>"; };
		D5247BF523141A27007AA203 /* AppDelegate.m */ = {isa = PBXFileReference; lastKnownFileType = sourcecode.c.objc; path = AppDelegate.m; sourceTree = "<group>"; };
		D5247BF723141A27007AA203 /* ViewController.h */ = {isa = PBXFileReference; lastKnownFileType = sourcecode.c.h; path = ViewController.h; sourceTree = "<group>"; };
		D5247BF823141A27007AA203 /* ViewController.m */ = {isa = PBXFileReference; lastKnownFileType = sourcecode.c.objc; path = ViewController.m; sourceTree = "<group>"; };
		D5247BFB23141A27007AA203 /* Base */ = {isa = PBXFileReference; lastKnownFileType = file.storyboard; name = Base; path = Base.lproj/Main.storyboard; sourceTree = "<group>"; };
		D5247BFE23141A27007AA203 /* _____.xcdatamodel */ = {isa = PBXFileReference; lastKnownFileType = wrapper.xcdatamodel; path = "_____.xcdatamodel"; sourceTree = "<group>"; };
		D5247C0023141A29007AA203 /* Assets.xcassets */ = {isa = PBXFileReference; lastKnownFileType = folder.assetcatalog; path = Assets.xcassets; sourceTree = "<group>"; };
		D5247C0323141A29007AA203 /* Base */ = {isa = PBXFileReference; lastKnownFileType = file.storyboard; name = Base; path = Base.lproj/LaunchScreen.storyboard; sourceTree = "<group>"; };
		D5247C0523141A29007AA203 /* Info.plist */ = {isa = PBXFileReference; lastKnownFileType = text.plist.xml; path = Info.plist; sourceTree = "<group>"; };
		D5247C0623141A29007AA203 /* main.m */ = {isa = PBXFileReference; lastKnownFileType = sourcecode.c.objc; path = main.m; sourceTree = "<group>"; };
		D52690692315363B008AAD68 /* NSData+base64.h */ = {isa = PBXFileReference; lastKnownFileType = sourcecode.c.h; path = "NSData+base64.h"; sourceTree = "<group>"; };
		D526906A2315363B008AAD68 /* NSData+base64.m */ = {isa = PBXFileReference; lastKnownFileType = sourcecode.c.objc; path = "NSData+base64.m"; sourceTree = "<group>"; };
/* End PBXFileReference section */

/* Begin PBXFrameworksBuildPhase section */
		D5247BEE23141A27007AA203 /* Frameworks */ = {
			isa = PBXFrameworksBuildPhase;
			buildActionMask = 2147483647;
			files = (
			);
			runOnlyForDeploymentPostprocessing = 0;
		};
/* End PBXFrameworksBuildPhase section */

/* Begin PBXGroup section */
		D5247BE823141A27007AA203 = {
			isa = PBXGroup;
			children = (
				D5247BF323141A27007AA203 /* 保存到相册 */,
				D5247BF223141A27007AA203 /* Products */,
			);
			sourceTree = "<group>";
		};
		D5247BF223141A27007AA203 /* Products */ = {
			isa = PBXGroup;
			children = (
				D5247BF123141A27007AA203 /* 保存到相册.app */,
			);
			name = Products;
			sourceTree = "<group>";
		};
		D5247BF323141A27007AA203 /* 保存到相册 */ = {
			isa = PBXGroup;
			children = (
				D5247BF423141A27007AA203 /* AppDelegate.h */,
				D5247BF523141A27007AA203 /* AppDelegate.m */,
				D5247BF723141A27007AA203 /* ViewController.h */,
				D5247BF823141A27007AA203 /* ViewController.m */,
				D5247BFA23141A27007AA203 /* Main.storyboard */,
				D5247C0023141A29007AA203 /* Assets.xcassets */,
				D5247C0223141A29007AA203 /* LaunchScreen.storyboard */,
				D5247C0523141A29007AA203 /* Info.plist */,
				D5247C0623141A29007AA203 /* main.m */,
				D52690692315363B008AAD68 /* NSData+base64.h */,
				D526906A2315363B008AAD68 /* NSData+base64.m */,
				D5247BFD23141A27007AA203 /* _____.xcdatamodeld */,
			);
			path = "保存到相册";
			sourceTree = "<group>";
		};
/* End PBXGroup section */

/* Begin PBXNativeTarget section */
		D5247BF023141A27007AA203 /* 保存到相册 */ = {
			isa = PBXNativeTarget;
			buildConfigurationList = D5247C0A23141A29007AA203 /* Build configuration list for PBXNativeTarget "保存到相册" */;
			buildPhases = (
				D5247BED23141A27007AA203 /* Sources */,
				D5247BEE23141A27007AA203 /* Frameworks */,
				D5247BEF23141A27007AA203 /* Resources */,
			);
			buildRules = (
			);
			dependencies = (
			);
			name = "保存到相册";
			productName = "保存到相册";
			productReference = D5247BF123141A27007AA203 /* 保存到相册.app */;
			productType = "com.apple.product-type.application";
		};
/* End PBXNativeTarget section */

/* Begin PBXProject section */
		D5247BE923141A27007AA203 /* Project object */ = {
			isa = PBXProject;
			attributes = {
				LastUpgradeCheck = 1030;
				ORGANIZATIONNAME = iss;
				TargetAttributes = {
					D5247BF023141A27007AA203 = {
						CreatedOnToolsVersion = 10.3;
					};
				};
			};
			buildConfigurationList = D5247BEC23141A27007AA203 /* Build configuration list for PBXProject "保存到相册" */;
			compatibilityVersion = "Xcode 9.3";
			developmentRegion = en;
			hasScannedForEncodings = 0;
			knownRegions = (
				en,
				Base,
			);
			mainGroup = D5247BE823141A27007AA203;
			productRefGroup = D5247BF223141A27007AA203 /* Products */;
			projectDirPath = "";
			projectRoot = "";
			targets = (
				D5247BF023141A27007AA203 /* 保存到相册 */,
			);
		};
/* End PBXProject section */

/* Begin PBXResourcesBuildPhase section */
		D5247BEF23141A27007AA203 /* Resources */ = {
			isa = PBXResourcesBuildPhase;
			buildActionMask = 2147483647;
			files = (
				D5247C0423141A29007AA203 /* LaunchScreen.storyboard in Resources */,
				D5247C0123141A29007AA203 /* Assets.xcassets in Resources */,
				D5247BFC23141A27007AA203 /* Main.storyboard in Resources */,
			);
			runOnlyForDeploymentPostprocessing = 0;
		};
/* End PBXResourcesBuildPhase section */

/* Begin PBXSourcesBuildPhase section */
		D5247BED23141A27007AA203 /* Sources */ = {
			isa = PBXSourcesBuildPhase;
			buildActionMask = 2147483647;
			files = (
				D5247BF923141A27007AA203 /* ViewController.m in Sources */,
				D5247BFF23141A27007AA203 /* _____.xcdatamodeld in Sources */,
				D526906B2315363B008AAD68 /* NSData+base64.m in Sources */,
				D5247C0723141A29007AA203 /* main.m in Sources */,
				D5247BF623141A27007AA203 /* AppDelegate.m in Sources */,
			);
			runOnlyForDeploymentPostprocessing = 0;
		};
/* End PBXSourcesBuildPhase section */

/* Begin PBXVariantGroup section */
		D5247BFA23141A27007AA203 /* Main.storyboard */ = {
			isa = PBXVariantGroup;
			children = (
				D5247BFB23141A27007AA203 /* Base */,
			);
			name = Main.storyboard;
			sourceTree = "<group>";
		};
		D5247C0223141A29007AA203 /* LaunchScreen.storyboard */ = {
			isa = PBXVariantGroup;
			children = (
				D5247C0323141A29007AA203 /* Base */,
			);
			name = LaunchScreen.storyboard;
			sourceTree = "<group>";
		};
/* End PBXVariantGroup section */

/* Begin XCBuildConfiguration section */
		D5247C0823141A29007AA203 /* Debug */ = {
			isa = XCBuildConfiguration;
			buildSettings = {
				ALWAYS_SEARCH_USER_PATHS = NO;
				CLANG_ANALYZER_NONNULL = YES;
				CLANG_ANALYZER_NUMBER_OBJECT_CONVERSION = YES_AGGRESSIVE;
				CLANG_CXX_LANGUAGE_STANDARD = "gnu++14";
				CLANG_CXX_LIBRARY = "libc++";
				CLANG_ENABLE_MODULES = YES;
				CLANG_ENABLE_OBJC_ARC = YES;
				CLANG_ENABLE_OBJC_WEAK = YES;
				CLANG_WARN_BLOCK_CAPTURE_AUTORELEASING = YES;
				CLANG_WARN_BOOL_CONVERSION = YES;
				CLANG_WARN_COMMA = YES;
				CLANG_WARN_CONSTANT_CONVERSION = YES;
				CLANG_WARN_DEPRECATED_OBJC_IMPLEMENTATIONS = YES;
				CLANG_WARN_DIRECT_OBJC_ISA_USAGE = YES_ERROR;
				CLANG_WARN_DOCUMENTATION_COMMENTS = YES;
				CLANG_WARN_EMPTY_BODY = YES;
				CLANG_WARN_ENUM_CONVERSION = YES;
				CLANG_WARN_INFINITE_RECURSION = YES;
				CLANG_WARN_INT_CONVERSION = YES;
				CLANG_WARN_NON_LITERAL_NULL_CONVERSION = YES;
				CLANG_WARN_OBJC_IMPLICIT_RETAIN_SELF = YES;
				CLANG_WARN_OBJC_LITERAL_CONVERSION = YES;
				CLANG_WARN_OBJC_ROOT_CLASS = YES_ERROR;
				CLANG_WARN_RANGE_LOOP_ANALYSIS = YES;
				CLANG_WARN_STRICT_PROTOTYPES = YES;
				CLANG_WARN_SUSPICIOUS_MOVE = YES;
				CLANG_WARN_UNGUARDED_AVAILABILITY = YES_AGGRESSIVE;
				CLANG_WARN_UNREACHABLE_CODE = YES;
				CLANG_WARN__DUPLICATE_METHOD_MATCH = YES;
				CODE_SIGN_IDENTITY = "iPhone Developer";
				COPY_PHASE_STRIP = NO;
				DEBUG_INFORMATION_FORMAT = dwarf;
				ENABLE_STRICT_OBJC_MSGSEND = YES;
				ENABLE_TESTABILITY = YES;
				GCC_C_LANGUAGE_STANDARD = gnu11;
				GCC_DYNAMIC_NO_PIC = NO;
				GCC_NO_COMMON_BLOCKS = YES;
				GCC_OPTIMIZATION_LEVEL = 0;
				GCC_PREPROCESSOR_DEFINITIONS = (
					"DEBUG=1",
					"$(inherited)",
				);
				GCC_WARN_64_TO_32_BIT_CONVERSION = YES;
				GCC_WARN_ABOUT_RETURN_TYPE = YES_ERROR;
				GCC_WARN_UNDECLARED_SELECTOR = YES;
				GCC_WARN_UNINITIALIZED_AUTOS = YES_AGGRESSIVE;
				GCC_WARN_UNUSED_FUNCTION = YES;
				GCC_WARN_UNUSED_VARIABLE = YES;
				IPHONEOS_DEPLOYMENT_TARGET = 12.4;
				MTL_ENABLE_DEBUG_INFO = INCLUDE_SOURCE;
				MTL_FAST_MATH = YES;
				ONLY_ACTIVE_ARCH = YES;
				SDKROOT = iphoneos;
			};
			name = Debug;
		};
		D5247C0923141A29007AA203 /* Release */ = {
			isa = XCBuildConfiguration;
			buildSettings = {
				ALWAYS_SEARCH_USER_PATHS = NO;
				CLANG_ANALYZER_NONNULL = YES;
				CLANG_ANALYZER_NUMBER_OBJECT_CONVERSION = YES_AGGRESSIVE;
				CLANG_CXX_LANGUAGE_STANDARD = "gnu++14";
				CLANG_CXX_LIBRARY = "libc++";
				CLANG_ENABLE_MODULES = YES;
				CLANG_ENABLE_OBJC_ARC = YES;
				CLANG_ENABLE_OBJC_WEAK = YES;
				CLANG_WARN_BLOCK_CAPTURE_AUTORELEASING = YES;
				CLANG_WARN_BOOL_CONVERSION = YES;
				CLANG_WARN_COMMA = YES;
				CLANG_WARN_CONSTANT_CONVERSION = YES;
				CLANG_WARN_DEPRECATED_OBJC_IMPLEMENTATIONS = YES;
				CLANG_WARN_DIRECT_OBJC_ISA_USAGE = YES_ERROR;
				CLANG_WARN_DOCUMENTATION_COMMENTS = YES;
				CLANG_WARN_EMPTY_BODY = YES;
				CLANG_WARN_ENUM_CONVERSION = YES;
				CLANG_WARN_INFINITE_RECURSION = YES;
				CLANG_WARN_INT_CONVERSION = YES;
				CLANG_WARN_NON_LITERAL_NULL_CONVERSION = YES;
				CLANG_WARN_OBJC_IMPLICIT_RETAIN_SELF = YES;
				CLANG_WARN_OBJC_LITERAL_CONVERSION = YES;
				CLANG_WARN_OBJC_ROOT_CLASS = YES_ERROR;
				CLANG_WARN_RANGE_LOOP_ANALYSIS = YES;
				CLANG_WARN_STRICT_PROTOTYPES = YES;
				CLANG_WARN_SUSPICIOUS_MOVE = YES;
				CLANG_WARN_UNGUARDED_AVAILABILITY = YES_AGGRESSIVE;
				CLANG_WARN_UNREACHABLE_CODE = YES;
				CLANG_WARN__DUPLICATE_METHOD_MATCH = YES;
				CODE_SIGN_IDENTITY = "iPhone Developer";
				COPY_PHASE_STRIP = NO;
				DEBUG_INFORMATION_FORMAT = "dwarf-with-dsym";
				ENABLE_NS_ASSERTIONS = NO;
				ENABLE_STRICT_OBJC_MSGSEND = YES;
				GCC_C_LANGUAGE_STANDARD = gnu11;
				GCC_NO_COMMON_BLOCKS = YES;
				GCC_WARN_64_TO_32_BIT_CONVERSION = YES;
				GCC_WARN_ABOUT_RETURN_TYPE = YES_ERROR;
				GCC_WARN_UNDECLARED_SELECTOR = YES;
				GCC_WARN_UNINITIALIZED_AUTOS = YES_AGGRESSIVE;
				GCC_WARN_UNUSED_FUNCTION = YES;
				GCC_WARN_UNUSED_VARIABLE = YES;
				IPHONEOS_DEPLOYMENT_TARGET = 12.4;
				MTL_ENABLE_DEBUG_INFO = NO;
				MTL_FAST_MATH = YES;
				SDKROOT = iphoneos;
				VALIDATE_PRODUCT = YES;
			};
			name = Release;
		};
		D5247C0B23141A29007AA203 /* Debug */ = {
			isa = XCBuildConfiguration;
			buildSettings = {
				ASSETCATALOG_COMPILER_APPICON_NAME = AppIcon;
				CODE_SIGN_STYLE = Automatic;
				DEVELOPMENT_TEAM = UP29NWYH2M;
				INFOPLIST_FILE = "保存到相册/Info.plist";
				IPHONEOS_DEPLOYMENT_TARGET = 10.2;
				LD_RUNPATH_SEARCH_PATHS = (
					"$(inherited)",
					"@executable_path/Frameworks",
				);
				PRODUCT_BUNDLE_IDENTIFIER = "dch.-----";
				PRODUCT_NAME = "$(TARGET_NAME)";
				TARGETED_DEVICE_FAMILY = "1,2";
			};
			name = Debug;
		};
		D5247C0C23141A29007AA203 /* Release */ = {
			isa = XCBuildConfiguration;
			buildSettings = {
				ASSETCATALOG_COMPILER_APPICON_NAME = AppIcon;
				CODE_SIGN_STYLE = Automatic;
				DEVELOPMENT_TEAM = UP29NWYH2M;
				INFOPLIST_FILE = "保存到相册/Info.plist";
				IPHONEOS_DEPLOYMENT_TARGET = 10.2;
				LD_RUNPATH_SEARCH_PATHS = (
					"$(inherited)",
					"@executable_path/Frameworks",
				);
				PRODUCT_BUNDLE_IDENTIFIER = "dch.-----";
				PRODUCT_NAME = "$(TARGET_NAME)";
				TARGETED_DEVICE_FAMILY = "1,2";
			};
			name = Release;
		};
/* End XCBuildConfiguration section */

/* Begin XCConfigurationList section */
		D5247BEC23141A27007AA203 /* Build configuration list for PBXProject "保存到相册" */ = {
			isa = XCConfigurationList;
			buildConfigurations = (
				D5247C0823141A29007AA203 /* Debug */,
				D5247C0923141A29007AA203 /* Release */,
			);
			defaultConfigurationIsVisible = 0;
			defaultConfigurationName = Release;
		};
		D5247C0A23141A29007AA203 /* Build configuration list for PBXNativeTarget "保存到相册" */ = {
			isa = XCConfigurationList;
			buildConfigurations = (
				D5247C0B23141A29007AA203 /* Debug */,
				D5247C0C23141A29007AA203 /* Release */,
			);
			defaultConfigurationIsVisible = 0;
			defaultConfigurationName = Release;
		};
/* End XCConfigurationList section */

/* Begin XCVersionGroup section */
		D5247BFD23141A27007AA203 /* _____.xcdatamodeld */ = {
			isa = XCVersionGroup;
			children = (
				D5247BFE23141A27007AA203 /* _____.xcdatamodel */,
			);
			currentVersion = D5247BFE23141A27007AA203 /* _____.xcdatamodel */;
			path = "_____.xcdatamodeld";
			sourceTree = "<group>";
			versionGroupType = wrapper.xcdatamodel;
		};
/* End XCVersionGroup section */
	};
	rootObject = D5247BE923141A27007AA203 /* Project object */;
}
